{
  "lockfile_version": "1",
  "packages": {
    "gfortran@latest": {
      "last_modified": "2026-08-01T16:34:20Z",
      "resolved": "github:NixOS/nixpkgs/a5cbcfe954791221bfffe2307f7d1a1bf61a871e#gfortran",
      "source": "devbox-search",
      "version": "15.3.0",
      "systems": {
        "aarch64-darwin": {
          "outputs": [
            {
              "name": "out",
              "path": "/nix/store/nkdhhk4cab1asxyfbyz3hmkfjbwzgabj-gfortran-wrapper-15.3.0",
              "default": true
            },
            {
              "name": "man",
              "path": "/nix/store/ljcqi8csgm9d8sgq218fki54h28b473v-gfortran-wrapper-15.3.0-man",
              "default": true
            },
            {
              "name": "info",
              "path": "/nix/store/71qylz1086wmajnkkvyk8w5xisd4zmmj-gfortran-wrapper-15.3.0-info"
            }
          ],
          "store_path": "/nix/store/nkdhhk4cab1asxyfbyz3hmkfjbwzgabj-gfortran-wrapper-15.3.0"
        },
        "aarch64-linux": {
          "outputs": [
            {
              "name": "out",
              "path": "/nix/store/a11881jddgj160ra94bmsp1l6kg7r4pc-gfortran-wrapper-15.3.0",
              "default": true
            },
            {
              "name": "man",
              "path": "/nix/store/lh5fq2cas9qi6il9v7fwmdgdyqz1dzi4-gfortran-wrapper-15.3.0-man",
              "default": true
            },
            {
              "name": "info",
              "path": "/nix/store/xyw5ws1pvcqslh3rrf5q24wcas9m4gck-gfortran-wrapper-15.3.0-info"
            }
          ],
          "store_path": "/nix/store/a11881jddgj160ra94bmsp1l6kg7r4pc-gfortran-wrapper-15.3.0"
        },
        "x86_64-linux": {
          "outputs": [
            {
              "name": "out",
              "path": "/nix/store/qb0mdhg9wbyzxs32w155cjjj6wk3k2x9-gfortran-wrapper-15.3.0",
              "default": true
            },
            {
              "name": "man",
              "path": "/nix/store/gsbh90aca2fbl59dhq7c7gbl0k1zg848-gfortran-wrapper-15.3.0-man",
              "default": true
            },
            {
              "name": "info",
              "path": "/nix/store/ymr9jas21nghl6jhc5g2zachr4nsiq35-gfortran-wrapper-15.3.0-info"
            }
          ],
          "store_path": "/nix/store/qb0mdhg9wbyzxs32w155cjjj6wk3k2x9-gfortran-wrapper-15.3.0"
        }
      }
    },
    "github:NixOS/nixpkgs/nixpkgs-unstable": {
      "last_modified": "2026-08-06T00:10:29Z",
      "resolved": "github:NixOS/nixpkgs/70ce234312134a463ba7728e94da2486a1d237ac?lastModified=1785975029&narHash=sha256-X44cn5rzytELc3NNoQsh0aLkjWA%2FQzPfc6HPQmsG3sU%3D"
    },
    "netcdf@latest": {
      "last_modified": "2026-08-01T16:34:20Z",
      "resolved": "github:NixOS/nixpkgs/a5cbcfe954791221bfffe2307f7d1a1bf61a871e#netcdf",
      "source": "devbox-search",
      "version": "4.10.1",
      "systems": {
        "aarch64-darwin": {
          "outputs": [
            {
              "name": "out",
              "path": "/nix/store/j4nbrlxa1cb95lqk5jb7wjc01j1fj2vb-netcdf-4.10.1",
              "default": true
            }
          ],
          "store_path": "/nix/store/j4nbrlxa1cb95lqk5jb7wjc01j1fj2vb-netcdf-4.10.1"
        },
        "aarch64-linux": {
          "outputs": [
            {
              "name": "out",
              "path": "/nix/store/szp1nsqlxlpzjpd52kcf7c2r3vqcll1l-netcdf-4.10.1",
              "default": true
            }
          ],
          "store_path": "/nix/store/szp1nsqlxlpzjpd52kcf7c2r3vqcll1l-netcdf-4.10.1"
        },
        "x86_64-linux": {
          "outputs": [
            {
              "name": "out",
              "path": "/nix/store/1dqi6wpn3kmszwa09bd7f2qm9b4qnp3k-netcdf-4.10.1",
              "default": true
            }
          ],
          "store_path": "/nix/store/1dqi6wpn3kmszwa09bd7f2qm9b4qnp3k-netcdf-4.10.1"
        }
      }
    },
    "openmpi@latest": {
      "last_modified": "2023-02-24T09:01:09Z",
      "resolved": "github:NixOS/nixpkgs/7d0ed7f2e5aea07ab22ccb338d27fbe347ed2f11#openmpi",
      "source": "devbox-search",
      "version": "4.1.4"
    },
    "watchexec@latest": {
      "last_modified": "2026-08-01T16:34:20Z",
      "resolved": "github:NixOS/nixpkgs/a5cbcfe954791221bfffe2307f7d1a1bf61a871e#watchexec",
      "source": "devbox-search",
      "version": "2.5.1",
      "systems": {
        "aarch64-darwin": {
          "outputs": [
            {
              "name": "out",
              "path": "/nix/store/vdddf0x5y320jynybl1c5p92m159jfpg-watchexec-2.5.1",
              "default": true
            }
          ],
          "store_path": "/nix/store/vdddf0x5y320jynybl1c5p92m159jfpg-watchexec-2.5.1"
        },
        "aarch64-linux": {
          "outputs": [
            {
              "name": "out",
              "path": "/nix/store/7kzm4hhznamhzifd7wyys1jqwm3f0fzr-watchexec-2.5.1",
              "default": true
            }
          ],
          "store_path": "/nix/store/7kzm4hhznamhzifd7wyys1jqwm3f0fzr-watchexec-2.5.1"
        },
        "x86_64-darwin": {
          "outputs": [
            {
              "name": "out",
              "path": "/nix/store/8jq851bh3389k2y1kc7b7ddxrn3knjq0-watchexec-2.5.1",
              "default": true
            }
          ],
          "store_path": "/nix/store/8jq851bh3389k2y1kc7b7ddxrn3knjq0-watchexec-2.5.1"
        },
        "x86_64-linux": {
          "outputs": [
            {
              "name": "out",
              "path": "/nix/store/0fv8p1ja5z4294r2qd4j0g2mflrhmq6a-watchexec-2.5.1",
              "default": true
            }
          ],
          "store_path": "/nix/store/0fv8p1ja5z4294r2qd4j0g2mflrhmq6a-watchexec-2.5.1"
        }
      }
    },
    "zig@latest": {
      "last_modified": "2026-08-01T16:34:20Z",
      "resolved": "github:NixOS/nixpkgs/a5cbcfe954791221bfffe2307f7d1a1bf61a871e#zig",
      "source": "devbox-search",
      "version": "0.16.0",
      "systems": {
        "aarch64-darwin": {
          "outputs": [
            {
              "name": "out",
              "path": "/nix/store/z8xy4x10v889vlqhysikr9wyinn03zhn-zig-0.16.0",
              "default": true
            },
            {
              "name": "doc",
              "path": "/nix/store/v584k9yqzhd7r0az7xvwvn6vmb5yj7nn-zig-0.16.0-doc"
            }
          ],
          "store_path": "/nix/store/z8xy4x10v889vlqhysikr9wyinn03zhn-zig-0.16.0"
        },
        "aarch64-linux": {
          "outputs": [
            {
              "name": "out",
              "path": "/nix/store/8xs3313y6pg95zxhma393asphfin0kmm-zig-0.16.0",
              "default": true
            },
            {
              "name": "doc",
              "path": "/nix/store/ndq3kq2zgjxb1b4adc7j17kbmsi9bcz6-zig-0.16.0-doc"
            }
          ],
          "store_path": "/nix/store/8xs3313y6pg95zxhma393asphfin0kmm-zig-0.16.0"
        },
        "x86_64-darwin": {
          "outputs": [
            {
              "name": "out",
              "path": "/nix/store/7wsm80i713618s84j1hw2nk2v58zf081-zig-0.16.0",
              "default": true
            },
            {
              "name": "doc",
              "path": "/nix/store/6h4nc1xc8kr3wfn7f4f6ma4my48mn9qk-zig-0.16.0-doc"
            }
          ],
          "store_path": "/nix/store/7wsm80i713618s84j1hw2nk2v58zf081-zig-0.16.0"
        },
        "x86_64-linux": {
          "outputs": [
            {
              "name": "out",
              "path": "/nix/store/j0yhl5hnz61i7g8plp0nx0hradbqd80a-zig-0.16.0",
              "default": true
            },
            {
              "name": "doc",
              "path": "/nix/store/hxd1fy04p0hapdp5s08x1v0slqd5jn8z-zig-0.16.0-doc"
            }
          ],
          "store_path": "/nix/store/j0yhl5hnz61i7g8plp0nx0hradbqd80a-zig-0.16.0"
        }
      }
    },
    "zls@latest": {
      "last_modified": "2026-08-01T16:34:20Z",
      "resolved": "github:NixOS/nixpkgs/a5cbcfe954791221bfffe2307f7d1a1bf61a871e#zls",
      "source": "devbox-search",
      "version": "0.16.0",
      "systems": {
        "aarch64-darwin": {
          "outputs": [
            {
              "name": "out",
              "path": "/nix/store/lkqcnliwmabysksb4jc137j4i0qjd480-zls-0.16.0",
              "default": true
            }
          ],
          "store_path": "/nix/store/lkqcnliwmabysksb4jc137j4i0qjd480-zls-0.16.0"
        },
        "aarch64-linux": {
          "outputs": [
            {
              "name": "out",
              "path": "/nix/store/l62lkjs0qgnlcw193xd87z0qc7084w40-zls-0.16.0",
              "default": true
            }
          ],
          "store_path": "/nix/store/l62lkjs0qgnlcw193xd87z0qc7084w40-zls-0.16.0"
        },
        "x86_64-darwin": {
          "outputs": [
            {
              "name": "out",
              "path": "/nix/store/5bmixbfkgywv2mbclavhz4fi45qga6vl-zls-0.16.0",
              "default": true
            }
          ],
          "store_path": "/nix/store/5bmixbfkgywv2mbclavhz4fi45qga6vl-zls-0.16.0"
        },
        "x86_64-linux": {
          "outputs": [
            {
              "name": "out",
              "path": "/nix/store/vd067hrf463ib0dyldw9f8b3n6czdmm1-zls-0.16.0",
              "default": true
            }
          ],
          "store_path": "/nix/store/vd067hrf463ib0dyldw9f8b3n6czdmm1-zls-0.16.0"
        }
      }
    }
  }
}
